
Microsoft Visual Studio Solution File, Format Version 12.00
# Visual Studio Version 17
VisualStudioVersion = 17.9.34902.65
MinimumVisualStudioVersion = 10.0.40219.1
Project("{FAE04EC0-301F-11D3-BF4B-00C04F79EFBC}") = "Atividade01.Tests", "Atividade01.Tests\Atividade01.Tests.csproj", "{D397DFF5-F078-41A5-9484-ACF78A8C5902}"
EndProject
Project("{FAE04EC0-301F-11D3-BF4B-00C04F79EFBC}") = "Atividade02", "Atividade02\Atividade02.csproj", "{701A16A8-D2E4-4246-A19D-4B33E0795E9B}"
EndProject
Project("{FAE04EC0-301F-11D3-BF4B-00C04F79EFBC}") = "Atividade02.Tests", "Atividade02.Tests\Atividade02.Tests.csproj", "{E811DD62-CA87-4E5F-B033-07D2333B55A9}"
EndProject
Project("{FAE04EC0-301F-11D3-BF4B-00C04F79EFBC}") = "Atividade01", "Atividade01\Atividade01.csproj", "{AFEC57DC-FB73-4EEC-A0DA-DBFDFB3792FA}"
EndProject
Project("{FAE04EC0-301F-11D3-BF4B-00C04F79EFBC}") = "Atividade03", "Atividade03\Atividade03.csproj", "{311E48AC-4531-4299-8FDB-5816FD06F080}"
EndProject
Project("{FAE04EC0-301F-11D3-BF4B-00C04F79EFBC}") = "Atividade03.Tests", "Atividade03.Tests\Atividade03.Tests.csproj", "{776F9B08-8989-4669-9093-C79915359B04}"
EndProject
Project("{FAE04EC0-301F-11D3-BF4B-00C04F79EFBC}") = "Atividade04", "Atividade04\Atividade04.csproj", "{7B92B907-3BA3-4E41-B58E-677379E39D01}"
EndProject
Project("{FAE04EC0-301F-11D3-BF4B-00C04F79EFBC}") = "Atividade04.Tests", "Atividade04.Tests\Atividade04.Tests.csproj", "{1BD87A17-1310-490B-8930-C396A8EC772E}"
EndProject
Project("{FAE04EC0-301F-11D3-BF4B-00C04F79EFBC}") = "Atividade05", "Atividade05\Atividade05.csproj", "{A437A252-EA29-48E4-A52B-181E6C0BCEC8}"
EndProject
Project("{FAE04EC0-301F-11D3-BF4B-00C04F79EFBC}") = "Atividade05.Tests", "Atividade05.Tests\Atividade05.Tests.csproj", "{1B92C1E5-10FD-428D-912E-651074535A1D}"
EndProject
Project("{FAE04EC0-301F-11D3-BF4B-00C04F79EFBC}") = "Atividade06", "Atividade06\Atividade06.csproj", "{E760BBA1-3003-4E2C-B824-E0F8B3B2DC81}"
EndProject
Project("{FAE04EC0-301F-11D3-BF4B-00C04F79EFBC}") = "Atividade07", "Atividade07\Atividade07.csproj", "{95EDF873-D6B3-450B-8C61-434A33B0A3E8}"
EndProject
Project("{FAE04EC0-301F-11D3-BF4B-00C04F79EFBC}") = "Atividade08", "Atividade08\Atividade08.csproj", "{69A17D47-8AA2-48A8-BC04-80282F8373D2}"
EndProject
Project("{FAE04EC0-301F-11D3-BF4B-00C04F79EFBC}") = "Atividade09", "Atividade09\Atividade09.csproj", "{0673147A-82D5-4E71-A5E2-F2F38FA00324}"
EndProject
Project("{2150E333-8FDC-42A3-9474-1A3956D46DE8}") = "Solution Items", "Solution Items", "{E59DAC8C-099C-46CD-9135-D93773E887AA}"
	ProjectSection(SolutionItems) = preProject
		.gitignore = .gitignore
	EndProjectSection
EndProject
Project("{FAE04EC0-301F-11D3-BF4B-00C04F79EFBC}") = "Atividade6.Tests", "Atividade6.Tests\Atividade6.Tests.csproj", "{3843D8FB-C1D5-44D5-9D3B-FF608E0C3B95}"
EndProject
Project("{FAE04EC0-301F-11D3-BF4B-00C04F79EFBC}") = "Atividade7.Tests", "Atividade7.Tests\Atividade7.Tests.csproj", "{04EBCF38-54E2-49B0-9E81-70A3C33C98AA}"
EndProject
Project("{FAE04EC0-301F-11D3-BF4B-00C04F79EFBC}") = "Atividade8.Tests", "Atividade8.Tests\Atividade8.Tests.csproj", "{A1251775-658A-4D4F-9A77-1A5410DBA081}"
EndProject
Project("{FAE04EC0-301F-11D3-BF4B-00C04F79EFBC}") = "Atividade9.Tests", "Atividade9.Tests\Atividade9.Tests.csproj", "{9906180A-26E0-4486-844F-C8A37FAF7302}"
EndProject
Project("{FAE04EC0-301F-11D3-BF4B-00C04F79EFBC}") = "Atividade10", "Atividade10\Atividade10.csproj", "{F3478A49-E05A-42FF-8027-2B38BC9755D8}"
EndProject
Project("{FAE04EC0-301F-11D3-BF4B-00C04F79EFBC}") = "Atividade11", "Atividade11\Atividade11.csproj", "{F2EFB148-2706-4CBE-AAC6-11F429F70863}"
EndProject
Project("{FAE04EC0-301F-11D3-BF4B-00C04F79EFBC}") = "Atividade13", "Atividade13\Atividade13.csproj", "{38B19378-C091-4179-B009-73A23D29E0D5}"
EndProject
Project("{FAE04EC0-301F-11D3-BF4B-00C04F79EFBC}") = "Atividade14", "Atividade14\Atividade14.csproj", "{10F36A6E-B3BA-41CA-8E4E-1E12F93CBB39}"
EndProject
Project("{FAE04EC0-301F-11D3-BF4B-00C04F79EFBC}") = "Atividade10.Tests", "Atividade10.Tests\Atividade10.Tests.csproj", "{F3D65135-71D9-4FBE-91CA-78CBB35975E6}"
EndProject
Project("{FAE04EC0-301F-11D3-BF4B-00C04F79EFBC}") = "Atividade11.Tests", "Atividade11.Tests\Atividade11.Tests.csproj", "{856B3A9A-04E4-4E25-BF84-3B838E32EBD5}"
EndProject
Project("{FAE04EC0-301F-11D3-BF4B-00C04F79EFBC}") = "Atividade13Tests", "Atividade13Tests\Atividade13Tests.csproj", "{5AE691EB-8AFD-496C-A00C-1AA617D07798}"
EndProject
Project("{FAE04EC0-301F-11D3-BF4B-00C04F79EFBC}") = "Atividade14.Tests", "Atividade14.Tests\Atividade14.Tests.csproj", "{590EBC11-7471-4AEC-A9E0-C933B3135D57}"
EndProject
Global
	GlobalSection(SolutionConfigurationPlatforms) = preSolution
		Debug|Any CPU = Debug|Any CPU
		Release|Any CPU = Release|Any CPU
	EndGlobalSection
	GlobalSection(ProjectConfigurationPlatforms) = postSolution
		{D397DFF5-F078-41A5-9484-ACF78A8C5902}.Debug|Any CPU.ActiveCfg = Debug|Any CPU
		{D397DFF5-F078-41A5-9484-ACF78A8C5902}.Debug|Any CPU.Build.0 = Debug|Any CPU
		{D397DFF5-F078-41A5-9484-ACF78A8C5902}.Release|Any CPU.ActiveCfg = Release|Any CPU
		{D397DFF5-F078-41A5-9484-ACF78A8C5902}.Release|Any CPU.Build.0 = Release|Any CPU
		{701A16A8-D2E4-4246-A19D-4B33E0795E9B}.Debug|Any CPU.ActiveCfg = Debug|Any CPU
		{701A16A8-D2E4-4246-A19D-4B33E0795E9B}.Debug|Any CPU.Build.0 = Debug|Any CPU
		{701A16A8-D2E4-4246-A19D-4B33E0795E9B}.Release|Any CPU.ActiveCfg = Release|Any CPU
		{701A16A8-D2E4-4246-A19D-4B33E0795E9B}.Release|Any CPU.Build.0 = Release|Any CPU
		{E811DD62-CA87-4E5F-B033-07D2333B55A9}.Debug|Any CPU.ActiveCfg = Debug|Any CPU
		{E811DD62-CA87-4E5F-B033-07D2333B55A9}.Debug|Any CPU.Build.0 = Debug|Any CPU
		{E811DD62-CA87-4E5F-B033-07D2333B55A9}.Release|Any CPU.ActiveCfg = Release|Any CPU
		{E811DD62-CA87-4E5F-B033-07D2333B55A9}.Release|Any CPU.Build.0 = Release|Any CPU
		{AFEC57DC-FB73-4EEC-A0DA-DBFDFB3792FA}.Debug|Any CPU.ActiveCfg = Debug|Any CPU
		{AFEC57DC-FB73-4EEC-A0DA-DBFDFB3792FA}.Debug|Any CPU.Build.0 = Debug|Any CPU
		{AFEC57DC-FB73-4EEC-A0DA-DBFDFB3792FA}.Release|Any CPU.ActiveCfg = Release|Any CPU
		{AFEC57DC-FB73-4EEC-A0DA-DBFDFB3792FA}.Release|Any CPU.Build.0 = Release|Any CPU
		{311E48AC-4531-4299-8FDB-5816FD06F080}.Debug|Any CPU.ActiveCfg = Debug|Any CPU
		{311E48AC-4531-4299-8FDB-5816FD06F080}.Debug|Any CPU.Build.0 = Debug|Any CPU
		{311E48AC-4531-4299-8FDB-5816FD06F080}.Release|Any CPU.ActiveCfg = Release|Any CPU
		{311E48AC-4531-4299-8FDB-5816FD06F080}.Release|Any CPU.Build.0 = Release|Any CPU
		{776F9B08-8989-4669-9093-C79915359B04}.Debug|Any CPU.ActiveCfg = Debug|Any CPU
		{776F9B08-8989-4669-9093-C79915359B04}.Debug|Any CPU.Build.0 = Debug|Any CPU
		{776F9B08-8989-4669-9093-C79915359B04}.Release|Any CPU.ActiveCfg = Release|Any CPU
		{776F9B08-8989-4669-9093-C79915359B04}.Release|Any CPU.Build.0 = Release|Any CPU
		{7B92B907-3BA3-4E41-B58E-677379E39D01}.Debug|Any CPU.ActiveCfg = Debug|Any CPU
		{7B92B907-3BA3-4E41-B58E-677379E39D01}.Debug|Any CPU.Build.0 = Debug|Any CPU
		{7B92B907-3BA3-4E41-B58E-677379E39D01}.Release|Any CPU.ActiveCfg = Release|Any CPU
		{7B92B907-3BA3-4E41-B58E-677379E39D01}.Release|Any CPU.Build.0 = Release|Any CPU
		{1BD87A17-1310-490B-8930-C396A8EC772E}.Debug|Any CPU.ActiveCfg = Debug|Any CPU
		{1BD87A17-1310-490B-8930-C396A8EC772E}.Debug|Any CPU.Build.0 = Debug|Any CPU
		{1BD87A17-1310-490B-8930-C396A8EC772E}.Release|Any CPU.ActiveCfg = Release|Any CPU
		{1BD87A17-1310-490B-8930-C396A8EC772E}.Release|Any CPU.Build.0 = Release|Any CPU
		{A437A252-EA29-48E4-A52B-181E6C0BCEC8}.Debug|Any CPU.ActiveCfg = Debug|Any CPU
		{A437A252-EA29-48E4-A52B-181E6C0BCEC8}.Debug|Any CPU.Build.0 = Debug|Any CPU
		{A437A252-EA29-48E4-A52B-181E6C0BCEC8}.Release|Any CPU.ActiveCfg = Release|Any CPU
		{A437A252-EA29-48E4-A52B-181E6C0BCEC8}.Release|Any CPU.Build.0 = Release|Any CPU
		{1B92C1E5-10FD-428D-912E-651074535A1D}.Debug|Any CPU.ActiveCfg = Debug|Any CPU
		{1B92C1E5-10FD-428D-912E-651074535A1D}.Debug|Any CPU.Build.0 = Debug|Any CPU
		{1B92C1E5-10FD-428D-912E-651074535A1D}.Release|Any CPU.ActiveCfg = Release|Any CPU
		{1B92C1E5-10FD-428D-912E-651074535A1D}.Release|Any CPU.Build.0 = Release|Any CPU
		{E760BBA1-3003-4E2C-B824-E0F8B3B2DC81}.Debug|Any CPU.ActiveCfg = Debug|Any CPU
		{E760BBA1-3003-4E2C-B824-E0F8B3B2DC81}.Debug|Any CPU.Build.0 = Debug|Any CPU
		{E760BBA1-3003-4E2C-B824-E0F8B3B2DC81}.Release|Any CPU.ActiveCfg = Release|Any CPU
		{E760BBA1-3003-4E2C-B824-E0F8B3B2DC81}.Release|Any CPU.Build.0 = Release|Any CPU
		{95EDF873-D6B3-450B-8C61-434A33B0A3E8}.Debug|Any CPU.ActiveCfg = Debug|Any CPU
		{95EDF873-D6B3-450B-8C61-434A33B0A3E8}.Debug|Any CPU.Build.0 = Debug|Any CPU
		{95EDF873-D6B3-450B-8C61-434A33B0A3E8}.Release|Any CPU.ActiveCfg = Release|Any CPU
		{95EDF873-D6B3-450B-8C61-434A33B0A3E8}.Release|Any CPU.Build.0 = Release|Any CPU
		{69A17D47-8AA2-48A8-BC04-80282F8373D2}.Debug|Any CPU.ActiveCfg = Debug|Any CPU
		{69A17D47-8AA2-48A8-BC04-80282F8373D2}.Debug|Any CPU.Build.0 = Debug|Any CPU
		{69A17D47-8AA2-48A8-BC04-80282F8373D2}.Release|Any CPU.ActiveCfg = Release|Any CPU
		{69A17D47-8AA2-48A8-BC04-80282F8373D2}.Release|Any CPU.Build.0 = Release|Any CPU
		{0673147A-82D5-4E71-A5E2-F2F38FA00324}.Debug|Any CPU.ActiveCfg = Debug|Any CPU
		{0673147A-82D5-4E71-A5E2-F2F38FA00324}.Debug|Any CPU.Build.0 = Debug|Any CPU
		{0673147A-82D5-4E71-A5E2-F2F38FA00324}.Release|Any CPU.ActiveCfg = Release|Any CPU
		{0673147A-82D5-4E71-A5E2-F2F38FA00324}.Release|Any CPU.Build.0 = Release|Any CPU
		{3843D8FB-C1D5-44D5-9D3B-FF608E0C3B95}.Debug|Any CPU.ActiveCfg = Debug|Any CPU
		{3843D8FB-C1D5-44D5-9D3B-FF608E0C3B95}.Debug|Any CPU.Build.0 = Debug|Any CPU
		{3843D8FB-C1D5-44D5-9D3B-FF608E0C3B95}.Release|Any CPU.ActiveCfg = Release|Any CPU
		{3843D8FB-C1D5-44D5-9D3B-FF608E0C3B95}.Release|Any CPU.Build.0 = Release|Any CPU
		{04EBCF38-54E2-49B0-9E81-70A3C33C98AA}.Debug|Any CPU.ActiveCfg = Debug|Any CPU
		{04EBCF38-54E2-49B0-9E81-70A3C33C98AA}.Debug|Any CPU.Build.0 = Debug|Any CPU
		{04EBCF38-54E2-49B0-9E81-70A3C33C98AA}.Release|Any CPU.ActiveCfg = Release|Any CPU
		{04EBCF38-54E2-49B0-9E81-70A3C33C98AA}.Release|Any CPU.Build.0 = Release|Any CPU
		{A1251775-658A-4D4F-9A77-1A5410DBA081}.Debug|Any CPU.ActiveCfg = Debug|Any CPU
		{A1251775-658A-4D4F-9A77-1A5410DBA081}.Debug|Any CPU.Build.0 = Debug|Any CPU
		{A1251775-658A-4D4F-9A77-1A5410DBA081}.Release|Any CPU.ActiveCfg = Release|Any CPU
		{A1251775-658A-4D4F-9A77-1A5410DBA081}.Release|Any CPU.Build.0 = Release|Any CPU
		{9906180A-26E0-4486-844F-C8A37FAF7302}.Debug|Any CPU.ActiveCfg = Debug|Any CPU
		{9906180A-26E0-4486-844F-C8A37FAF7302}.Debug|Any CPU.Build.0 = Debug|Any CPU
		{9906180A-26E0-4486-844F-C8A37FAF7302}.Release|Any CPU.ActiveCfg = Release|Any CPU
		{9906180A-26E0-4486-844F-C8A37FAF7302}.Release|Any CPU.Build.0 = Release|Any CPU
		{F3478A49-E05A-42FF-8027-2B38BC9755D8}.Debug|Any CPU.ActiveCfg = Debug|Any CPU
		{F3478A49-E05A-42FF-8027-2B38BC9755D8}.Debug|Any CPU.Build.0 = Debug|Any CPU
		{F3478A49-E05A-42FF-8027-2B38BC9755D8}.Release|Any CPU.ActiveCfg = Release|Any CPU
		{F3478A49-E05A-42FF-8027-2B38BC9755D8}.Release|Any CPU.Build.0 = Release|Any CPU
		{F2EFB148-2706-4CBE-AAC6-11F429F70863}.Debug|Any CPU.ActiveCfg = Debug|Any CPU
		{F2EFB148-2706-4CBE-AAC6-11F429F70863}.Debug|Any CPU.Build.0 = Debug|Any CPU
		{F2EFB148-2706-4CBE-AAC6-11F429F70863}.Release|Any CPU.ActiveCfg = Release|Any CPU
		{F2EFB148-2706-4CBE-AAC6-11F429F70863}.Release|Any CPU.Build.0 = Release|Any CPU
		{38B19378-C091-4179-B009-73A23D29E0D5}.Debug|Any CPU.ActiveCfg = Debug|Any CPU
		{38B19378-C091-4179-B009-73A23D29E0D5}.Debug|Any CPU.Build.0 = Debug|Any CPU
		{38B19378-C091-4179-B009-73A23D29E0D5}.Release|Any CPU.ActiveCfg = Release|Any CPU
		{38B19378-C091-4179-B009-73A23D29E0D5}.Release|Any CPU.Build.0 = Release|Any CPU
		{10F36A6E-B3BA-41CA-8E4E-1E12F93CBB39}.Debug|Any CPU.ActiveCfg = Debug|Any CPU
		{10F36A6E-B3BA-41CA-8E4E-1E12F93CBB39}.Debug|Any CPU.Build.0 = Debug|Any CPU
		{10F36A6E-B3BA-41CA-8E4E-1E12F93CBB39}.Release|Any CPU.ActiveCfg = Release|Any CPU
		{10F36A6E-B3BA-41CA-8E4E-1E12F93CBB39}.Release|Any CPU.Build.0 = Release|Any CPU
		{F3D65135-71D9-4FBE-91CA-78CBB35975E6}.Debug|Any CPU.ActiveCfg = Debug|Any CPU
		{F3D65135-71D9-4FBE-91CA-78CBB35975E6}.Debug|Any CPU.Build.0 = Debug|Any CPU
		{F3D65135-71D9-4FBE-91CA-78CBB35975E6}.Release|Any CPU.ActiveCfg = Release|Any CPU
		{F3D65135-71D9-4FBE-91CA-78CBB35975E6}.Release|Any CPU.Build.0 = Release|Any CPU
		{856B3A9A-04E4-4E25-BF84-3B838E32EBD5}.Debug|Any CPU.ActiveCfg = Debug|Any CPU
		{856B3A9A-04E4-4E25-BF84-3B838E32EBD5}.Debug|Any CPU.Build.0 = Debug|Any CPU
		{856B3A9A-04E4-4E25-BF84-3B838E32EBD5}.Release|Any CPU.ActiveCfg = Release|Any CPU
		{856B3A9A-04E4-4E25-BF84-3B838E32EBD5}.Release|Any CPU.Build.0 = Release|Any CPU
		{5AE691EB-8AFD-496C-A00C-1AA617D07798}.Debug|Any CPU.ActiveCfg = Debug|Any CPU
		{5AE691EB-8AFD-496C-A00C-1AA617D07798}.Debug|Any CPU.Build.0 = Debug|Any CPU
		{5AE691EB-8AFD-496C-A00C-1AA617D07798}.Release|Any CPU.ActiveCfg = Release|Any CPU
		{5AE691EB-8AFD-496C-A00C-1AA617D07798}.Release|Any CPU.Build.0 = Release|Any CPU
		{590EBC11-7471-4AEC-A9E0-C933B3135D57}.Debug|Any CPU.ActiveCfg = Debug|Any CPU
		{590EBC11-7471-4AEC-A9E0-C933B3135D57}.Debug|Any CPU.Build.0 = Debug|Any CPU
		{590EBC11-7471-4AEC-A9E0-C933B3135D57}.Release|Any CPU.ActiveCfg = Release|Any CPU
		{590EBC11-7471-4AEC-A9E0-C933B3135D57}.Release|Any CPU.Build.0 = Release|Any CPU
	EndGlobalSection
	GlobalSection(SolutionProperties) = preSolution
		HideSolutionNode = FALSE
	EndGlobalSection
	GlobalSection(ExtensibilityGlobals) = postSolution
		SolutionGuid = {CFCE9424-5151-4B96-8F87-CD13E04749D7}
	EndGlobalSection
EndGlobal
